// !$*UTF8*$!
{
	archiveVersion = 1;
	classes = {
	};
	objectVersion = 77;
	objects = {

/* Begin PBXContainerItemProxy section */
		0CC86DF02D0704DE00A9D083 /* PBXContainerItemProxy */ = {
			isa = PBXContainerItemProxy;
			containerPortal = 0CC86DD32D0704DC00A9D083 /* Project object */;
			proxyType = 1;
			remoteGlobalIDString = 0CC86DDA2D0704DC00A9D083;
			remoteInfo = DermatologyPatientApp;
		};
		0CC86DFA2D0704DE00A9D083 /* PBXContainerItemProxy */ = {
			isa = PBXContainerItemProxy;
			containerPortal = 0CC86DD32D0704DC00A9D083 /* Project object */;
			proxyType = 1;
			remoteGlobalIDString = 0CC86DDA2D0704DC00A9D083;
			remoteInfo = DermatologyPatientApp;
		};
/* End PBXContainerItemProxy section */

/* Begin PBXFileReference section */
		0CC86DDB2D0704DC00A9D083 /* DermatologyPatientApp.app */ = {isa = PBXFileReference; explicitFileType = wrapper.application; includeInIndex = 0; path = DermatologyPatientApp.app; sourceTree = BUILT_PRODUCTS_DIR; };
		0CC86DEF2D0704DE00A9D083 /* DermatologyPatientAppTests.xctest */ = {isa = PBXFileReference; explicitFileType = wrapper.cfbundle; includeInIndex = 0; path = DermatologyPatientAppTests.xctest; sourceTree = BUILT_PRODUCTS_DIR; };
		0CC86DF92D0704DE00A9D083 /* DermatologyPatientAppUITests.xctest */ = {isa = PBXFileReference; explicitFileType = wrapper.cfbundle; includeInIndex = 0; path = DermatologyPatientAppUITests.xctest; sourceTree = BUILT_PRODUCTS_DIR; };
/* End PBXFileReference section */

/* Begin PBXFileSystemSynchronizedBuildFileExceptionSet section */
		0CC86E012D0704DE00A9D083 /* Exceptions for "DermatologyPatientApp" folder in "DermatologyPatientApp" target */ = {
			isa = PBXFileSystemSynchronizedBuildFileExceptionSet;
			membershipExceptions = (
				Info.plist,
			);
			target = 0CC86DDA2D0704DC00A9D083 /* DermatologyPatientApp */;
		};
/* End PBXFileSystemSynchronizedBuildFileExceptionSet section */

/* Begin PBXFileSystemSynchronizedRootGroup section */
		0CC86DDD2D0704DC00A9D083 /* DermatologyPatientApp */ = {
			isa = PBXFileSystemSynchronizedRootGroup;
			exceptions = (
				0CC86E012D0704DE00A9D083 /* Exceptions for "DermatologyPatientApp" folder in "DermatologyPatientApp" target */,
			);
			path = DermatologyPatientApp;
			sourceTree = "<group>";
		};
		0CC86DF22D0704DE00A9D083 /* DermatologyPatientAppTests */ = {
			isa = PBXFileSystemSynchronizedRootGroup;
			path = DermatologyPatientAppTests;
			sourceTree = "<group>";
		};
		0CC86DFC2D0704DE00A9D083 /* DermatologyPatientAppUITests */ = {
			isa = PBXFileSystemSynchronizedRootGroup;
			path = DermatologyPatientAppUITests;
			sourceTree = "<group>";
		};
/* End PBXFileSystemSynchronizedRootGroup section */

/* Begin PBXFrameworksBuildPhase section */
		0CC86DD82D0704DC00A9D083 /* Frameworks */ = {
			isa = PBXFrameworksBuildPhase;
			buildActionMask = 2147483647;
			files = (
			);
			runOnlyForDeploymentPostprocessing = 0;
		};
		0CC86DEC2D0704DE00A9D083 /* Frameworks */ = {
			isa = PBXFrameworksBuildPhase;
			buildActionMask = 2147483647;
			files = (
			);
			runOnlyForDeploymentPostprocessing = 0;
		};
		0CC86DF62D0704DE00A9D083 /* Frameworks */ = {
			isa = PBXFrameworksBuildPhase;
			buildActionMask = 2147483647;
			files = (
			);
			runOnlyForDeploymentPostprocessing = 0;
		};
/* End PBXFrameworksBuildPhase section */

/* Begin PBXGroup section */
		0CC86DD22D0704DC00A9D083 = {
			isa = PBXGroup;
			children = (
				0CC86DDD2D0704DC00A9D083 /* DermatologyPatientApp */,
				0CC86DF22D0704DE00A9D083 /* DermatologyPatientAppTests */,
				0CC86DFC2D0704DE00A9D083 /* DermatologyPatientAppUITests */,
				0CC86DDC2D0704DC00A9D083 /* Products */,
			);
			sourceTree = "<group>";
		};
		0CC86DDC2D0704DC00A9D083 /* Products */ = {
			isa = PBXGroup;
			children = (
				0CC86DDB2D0704DC00A9D083 /* DermatologyPatientApp.app */,
				0CC86DEF2D0704DE00A9D083 /* DermatologyPatientAppTests.xctest */,
				0CC86DF92D0704DE00A9D083 /* DermatologyPatientAppUITests.xctest */,
			);
			name = Products;
			sourceTree = "<group>";
		};
/* End PBXGroup section */

/* Begin PBXNativeTarget section */
		0CC86DDA2D0704DC00A9D083 /* DermatologyPatientApp */ = {
			isa = PBXNativeTarget;
			buildConfigurationList = 0CC86E022D0704DE00A9D083 /* Build configuration list for PBXNativeTarget "DermatologyPatientApp" */;
			buildPhases = (
				0CC86DD72D0704DC00A9D083 /* Sources */,
				0CC86DD82D0704DC00A9D083 /* Frameworks */,
				0CC86DD92D0704DC00A9D083 /* Resources */,
			);
			buildRules = (
			);
			dependencies = (
			);
			fileSystemSynchronizedGroups = (
				0CC86DDD2D0704DC00A9D083 /* DermatologyPatientApp */,
			);
			name = DermatologyPatientApp;
			packageProductDependencies = (
			);
			productName = DermatologyPatientApp;
			productReference = 0CC86DDB2D0704DC00A9D083 /* DermatologyPatientApp.app */;
			productType = "com.apple.product-type.application";
		};
		0CC86DEE2D0704DE00A9D083 /* DermatologyPatientAppTests */ = {
			isa = PBXNativeTarget;
			buildConfigurationList = 0CC86E072D0704DE00A9D083 /* Build configuration list for PBXNativeTarget "DermatologyPatientAppTests" */;
			buildPhases = (
				0CC86DEB2D0704DE00A9D083 /* Sources */,
				0CC86DEC2D0704DE00A9D083 /* Frameworks */,
				0CC86DED2D0704DE00A9D083 /* Resources */,
			);
			buildRules = (
			);
			dependencies = (
				0CC86DF12D0704DE00A9D083 /* PBXTargetDependency */,
			);
			fileSystemSynchronizedGroups = (
				0CC86DF22D0704DE00A9D083 /* DermatologyPatientAppTests */,
			);
			name = DermatologyPatientAppTests;
			packageProductDependencies = (
			);
			productName = DermatologyPatientAppTests;
			productReference = 0CC86DEF2D0704DE00A9D083 /* DermatologyPatientAppTests.xctest */;
			productType = "com.apple.product-type.bundle.unit-test";
		};
		0CC86DF82D0704DE00A9D083 /* DermatologyPatientAppUITests */ = {
			isa = PBXNativeTarget;
			buildConfigurationList = 0CC86E0A2D0704DE00A9D083 /* Build configuration list for PBXNativeTarget "DermatologyPatientAppUITests" */;
			buildPhases = (
				0CC86DF52D0704DE00A9D083 /* Sources */,
				0CC86DF62D0704DE00A9D083 /* Frameworks */,
				0CC86DF72D0704DE00A9D083 /* Resources */,
			);
			buildRules = (
			);
			dependencies = (
				0CC86DFB2D0704DE00A9D083 /* PBXTargetDependency */,
			);
			fileSystemSynchronizedGroups = (
				0CC86DFC2D0704DE00A9D083 /* DermatologyPatientAppUITests */,
			);
			name = DermatologyPatientAppUITests;
			packageProductDependencies = (
			);
			productName = DermatologyPatientAppUITests;
			productReference = 0CC86DF92D0704DE00A9D083 /* DermatologyPatientAppUITests.xctest */;
			productType = "com.apple.product-type.bundle.ui-testing";
		};
/* End PBXNativeTarget section */

/* Begin PBXProject section */
		0CC86DD32D0704DC00A9D083 /* Project object */ = {
			isa = PBXProject;
			attributes = {
				BuildIndependentTargetsInParallel = 1;
				LastSwiftUpdateCheck = 1610;
				LastUpgradeCheck = 1610;
				TargetAttributes = {
					0CC86DDA2D0704DC00A9D083 = {
						CreatedOnToolsVersion = 16.1;
					};
					0CC86DEE2D0704DE00A9D083 = {
						CreatedOnToolsVersion = 16.1;
						TestTargetID = 0CC86DDA2D0704DC00A9D083;
					};
					0CC86DF82D0704DE00A9D083 = {
						CreatedOnToolsVersion = 16.1;
						TestTargetID = 0CC86DDA2D0704DC00A9D083;
					};
				};
			};
			buildConfigurationList = 0CC86DD62D0704DC00A9D083 /* Build configuration list for PBXProject "DermatologyPatientApp" */;
			developmentRegion = en;
			hasScannedForEncodings = 0;
			knownRegions = (
				en,
				Base,
			);
			mainGroup = 0CC86DD22D0704DC00A9D083;
			minimizedProjectReferenceProxies = 1;
			preferredProjectObjectVersion = 77;
			productRefGroup = 0CC86DDC2D0704DC00A9D083 /* Products */;
			projectDirPath = "";
			projectRoot = "";
			targets = (
				0CC86DDA2D0704DC00A9D083 /* DermatologyPatientApp */,
				0CC86DEE2D0704DE00A9D083 /* DermatologyPatientAppTests */,
				0CC86DF82D0704DE00A9D083 /* DermatologyPatientAppUITests */,
			);
		};
/* End PBXProject section */

/* Begin PBXResourcesBuildPhase section */
		0CC86DD92D0704DC00A9D083 /* Resources */ = {
			isa = PBXResourcesBuildPhase;
			buildActionMask = 2147483647;
			files = (
			);
			runOnlyForDeploymentPostprocessing = 0;
		};
		0CC86DED2D0704DE00A9D083 /* Resources */ = {
			isa = PBXResourcesBuildPhase;
			buildActionMask = 2147483647;
			files = (
			);
			runOnlyForDeploymentPostprocessing = 0;
		};
		0CC86DF72D0704DE00A9D083 /* Resources */ = {
			isa = PBXResourcesBuildPhase;
			buildActionMask = 2147483647;
			files = (
			);
			runOnlyForDeploymentPostprocessing = 0;
		};
/* End PBXResourcesBuildPhase section */

/* Begin PBXSourcesBuildPhase section */
		0CC86DD72D0704DC00A9D083 /* Sources */ = {
			isa = PBXSourcesBuildPhase;
			buildActionMask = 2147483647;
			files = (
			);
			runOnlyForDeploymentPostprocessing = 0;
		};
		0CC86DEB2D0704DE00A9D083 /* Sources */ = {
			isa = PBXSourcesBuildPhase;
			buildActionMask = 2147483647;
			files = (
			);
			runOnlyForDeploymentPostprocessing = 0;
		};
		0CC86DF52D0704DE00A9D083 /* Sources */ = {
			isa = PBXSourcesBuildPhase;
			buildActionMask = 2147483647;
			files = (
			);
			runOnlyForDeploymentPostprocessing = 0;
		};
/* End PBXSourcesBuildPhase section */

/* Begin PBXTargetDependency section */
		0CC86DF12D0704DE00A9D083 /* PBXTargetDependency */ = {
			isa = PBXTargetDependency;
			target = 0CC86DDA2D0704DC00A9D083 /* DermatologyPatientApp */;
			targetProxy = 0CC86DF02D0704DE00A9D083 /* PBXContainerItemProxy */;
		};
		0CC86DFB2D0704DE00A9D083 /* PBXTargetDependency */ = {
			isa = PBXTargetDependency;
			target = 0CC86DDA2D0704DC00A9D083 /* DermatologyPatientApp */;
			targetProxy = 0CC86DFA2D0704DE00A9D083 /* PBXContainerItemProxy */;
		};
/* End PBXTargetDependency section */

/* Begin XCBuildConfiguration section */
		0CC86E032D0704DE00A9D083 /* Debug */ = {
			isa = XCBuildConfiguration;
			buildSettings = {
				ASSETCATALOG_COMPILER_APPICON_NAME = AppIcon;
				ASSETCATALOG_COMPILER_GLOBAL_ACCENT_COLOR_NAME = AccentColor;
				CODE_SIGN_ENTITLEMENTS = DermatologyPatientApp/DermatologyPatientApp.entitlements;
				CODE_SIGN_STYLE = Automatic;
				CURRENT_PROJECT_VERSION = 1;
				DEVELOPMENT_ASSET_PATHS = "\"DermatologyPatientApp/Preview Content\"";
				ENABLE_PREVIEWS = YES;
				GENERATE_INFOPLIST_FILE = YES;
				INFOPLIST_FILE = DermatologyPatientApp/Info.plist;
				INFOPLIST_KEY_UIApplicationSceneManifest_Generation = YES;
				INFOPLIST_KEY_UIApplicationSupportsIndirectInputEvents = YES;
				INFOPLIST_KEY_UILaunchScreen_Generation = YES;
				INFOPLIST_KEY_UISupportedInterfaceOrientations_iPad = "UIInterfaceOrientationPortrait UIInterfaceOrientationPortraitUpsideDown UIInterfaceOrientationLandscapeLeft UIInterfaceOrientationLandscapeRight";
				INFOPLIST_KEY_UISupportedInterfaceOrientations_iPhone = "UIInterfaceOrientationPortrait UIInterfaceOrientationLandscapeLeft UIInterfaceOrientationLandscapeRight";
				LD_RUNPATH_SEARCH_PATHS = (
					"$(inherited)",
					"@executable_path/Frameworks",
				);
				MARKETING_VERSION = 1.0;
				PRODUCT_BUNDLE_IDENTIFIER = golthi.DermatologyPatientApp;
				PRODUCT_NAME = "$(TARGET_NAME)";
				SWIFT_EMIT_LOC_STRINGS = YES;
				SWIFT_VERSION = 5.0;
				TARGETED_DEVICE_FAMILY = "1,2";
			};
			name = Debug;
		};
		0CC86E042D0704DE00A9D083 /* Release */ = {
			isa = XCBuildConfiguration;
			buildSettings = {
				ASSETCATALOG_COMPILER_APPICON_NAME = AppIcon;
				ASSETCATALOG_COMPILER_GLOBAL_ACCENT_COLOR_NAME = AccentColor;
				CODE_SIGN_ENTITLEMENTS = DermatologyPatientApp/DermatologyPatientApp.entitlements;
				CODE_SIGN_STYLE = Automatic;
				CURRENT_PROJECT_VERSION = 1;
				DEVELOPMENT_ASSET_PATHS = "\"DermatologyPatientApp/Preview Content\"";
				ENABLE_PREVIEWS = YES;
				GENERATE_INFOPLIST_FILE = YES;
				INFOPLIST_FILE = DermatologyPatientApp/Info.plist;
				INFOPLIST_KEY_UIApplicationSceneManifest_Generation = YES;
				INFOPLIST_KEY_UIApplicationSupportsIndirectInputEvents = YES;
				INFOPLIST_KEY_UILaunchScreen_Generation = YES;
				INFOPLIST_KEY_UISupportedInterfaceOrientations_iPad = "UIInterfaceOrientationPortrait UIInterfaceOrientationPortraitUpsideDown UIInterfaceOrientationLandscapeLeft UIInterfaceOrientationLandscapeRight";
				INFOPLIST_KEY_UISupportedInterfaceOrientations_iPhone = "UIInterfaceOrientationPortrait UIInterfaceOrientationLandscapeLeft UIInterfaceOrientationLandscapeRight";
				LD_RUNPATH_SEARCH_PATHS = (
					"$(inherited)",
					"@executable_path/Frameworks",
				);
				MARKETING_VERSION = 1.0;
				PRODUCT_BUNDLE_IDENTIFIER = golthi.DermatologyPatientApp;
				PRODUCT_NAME = "$(TARGET_NAME)";
				SWIFT_EMIT_LOC_STRINGS = YES;
				SWIFT_VERSION = 5.0;
				TARGETED_DEVICE_FAMILY = "1,2";
			};
			name = Release;
		};
		0CC86E052D0704DE00A9D083 /* Debug */ = {
			isa = XCBuildConfiguration;
			buildSettings = {
				ALWAYS_SEARCH_USER_PATHS = NO;
				ASSETCATALOG_COMPILER_GENERATE_SWIFT_ASSET_SYMBOL_EXTENSIONS = YES;
				CLANG_ANALYZER_NONNULL = YES;
				CLANG_ANALYZER_NUMBER_OBJECT_CONVERSION = YES_AGGRESSIVE;
				CLANG_CXX_LANGUAGE_STANDARD = "gnu++20";
				CLANG_ENABLE_MODULES = YES;
				CLANG_ENABLE_OBJC_ARC = YES;
				CLANG_ENABLE_OBJC_WEAK = YES;
				CLANG_WARN_BLOCK_CAPTURE_AUTORELEASING = YES;
				CLANG_WARN_BOOL_CONVERSION = YES;
				CLANG_WARN_COMMA = YES;
				CLANG_WARN_CONSTANT_CONVERSION = YES;
				CLANG_WARN_DEPRECATED_OBJC_IMPLEMENTATIONS = YES;
				CLANG_WARN_DIRECT_OBJC_ISA_USAGE = YES_ERROR;
				CLANG_WARN_DOCUMENTATION_COMMENTS = YES;
				CLANG_WARN_EMPTY_BODY = YES;
				CLANG_WARN_ENUM_CONVERSION = YES;
				CLANG_WARN_INFINITE_RECURSION = YES;
				CLANG_WARN_INT_CONVERSION = YES;
				CLANG_WARN_NON_LITERAL_NULL_CONVERSION = YES;
				CLANG_WARN_OBJC_IMPLICIT_RETAIN_SELF = YES;
				CLANG_WARN_OBJC_LITERAL_CONVERSION = YES;
				CLANG_WARN_OBJC_ROOT_CLASS = YES_ERROR;
				CLANG_WARN_QUOTED_INCLUDE_IN_FRAMEWORK_HEADER = YES;
				CLANG_WARN_RANGE_LOOP_ANALYSIS = YES;
				CLANG_WARN_STRICT_PROTOTYPES = YES;
				CLANG_WARN_SUSPICIOUS_MOVE = YES;
				CLANG_WARN_UNGUARDED_AVAILABILITY = YES_AGGRESSIVE;
				CLANG_WARN_UNREACHABLE_CODE = YES;
				CLANG_WARN__DUPLICATE_METHOD_MATCH = YES;
				COPY_PHASE_STRIP = NO;
				DEBUG_INFORMATION_FORMAT = dwarf;
				ENABLE_STRICT_OBJC_MSGSEND = YES;
				ENABLE_TESTABILITY = YES;
				ENABLE_USER_SCRIPT_SANDBOXING = YES;
				GCC_C_LANGUAGE_STANDARD = gnu17;
				GCC_DYNAMIC_NO_PIC = NO;
				GCC_NO_COMMON_BLOCKS = YES;
				GCC_OPTIMIZATION_LEVEL = 0;
				GCC_PREPROCESSOR_DEFINITIONS = (
					"DEBUG=1",
					"$(inherited)",
				);
				GCC_WARN_64_TO_32_BIT_CONVERSION = YES;
				GCC_WARN_ABOUT_RETURN_TYPE = YES_ERROR;
				GCC_WARN_UNDECLARED_SELECTOR = YES;
				GCC_WARN_UNINITIALIZED_AUTOS = YES_AGGRESSIVE;
				GCC_WARN_UNUSED_FUNCTION = YES;
				GCC_WARN_UNUSED_VARIABLE = YES;
				IPHONEOS_DEPLOYMENT_TARGET = 18.1;
				LOCALIZATION_PREFERS_STRING_CATALOGS = YES;
				MTL_ENABLE_DEBUG_INFO = INCLUDE_SOURCE;
				MTL_FAST_MATH = YES;
				ONLY_ACTIVE_ARCH = YES;
				SDKROOT = iphoneos;
				SWIFT_ACTIVE_COMPILATION_CONDITIONS = "DEBUG $(inherited)";
				SWIFT_OPTIMIZATION_LEVEL = "-Onone";
			};
			name = Debug;
		};
		0CC86E062D0704DE00A9D083 /* Release */ = {
			isa = XCBuildConfiguration;
			buildSettings = {
				ALWAYS_SEARCH_USER_PATHS = NO;
				ASSETCATALOG_COMPILER_GENERATE_SWIFT_ASSET_SYMBOL_EXTENSIONS = YES;
				CLANG_ANALYZER_NONNULL = YES;
				CLANG_ANALYZER_NUMBER_OBJECT_CONVERSION = YES_AGGRESSIVE;
				CLANG_CXX_LANGUAGE_STANDARD = "gnu++20";
				CLANG_ENABLE_MODULES = YES;
				CLANG_ENABLE_OBJC_ARC = YES;
				CLANG_ENABLE_OBJC_WEAK = YES;
				CLANG_WARN_BLOCK_CAPTURE_AUTORELEASING = YES;
				CLANG_WARN_BOOL_CONVERSION = YES;
				CLANG_WARN_COMMA = YES;
				CLANG_WARN_CONSTANT_CONVERSION = YES;
				CLANG_WARN_DEPRECATED_OBJC_IMPLEMENTATIONS = YES;
				CLANG_WARN_DIRECT_OBJC_ISA_USAGE = YES_ERROR;
				CLANG_WARN_DOCUMENTATION_COMMENTS = YES;
				CLANG_WARN_EMPTY_BODY = YES;
				CLANG_WARN_ENUM_CONVERSION = YES;
				CLANG_WARN_INFINITE_RECURSION = YES;
				CLANG_WARN_INT_CONVERSION = YES;
				CLANG_WARN_NON_LITERAL_NULL_CONVERSION = YES;
				CLANG_WARN_OBJC_IMPLICIT_RETAIN_SELF = YES;
				CLANG_WARN_OBJC_LITERAL_CONVERSION = YES;
				CLANG_WARN_OBJC_ROOT_CLASS = YES_ERROR;
				CLANG_WARN_QUOTED_INCLUDE_IN_FRAMEWORK_HEADER = YES;
				CLANG_WARN_RANGE_LOOP_ANALYSIS = YES;
				CLANG_WARN_STRICT_PROTOTYPES = YES;
				CLANG_WARN_SUSPICIOUS_MOVE = YES;
				CLANG_WARN_UNGUARDED_AVAILABILITY = YES_AGGRESSIVE;
				CLANG_WARN_UNREACHABLE_CODE = YES;
				CLANG_WARN__DUPLICATE_METHOD_MATCH = YES;
				COPY_PHASE_STRIP = NO;
				DEBUG_INFORMATION_FORMAT = "dwarf-with-dsym";
				ENABLE_NS_ASSERTIONS = NO;
				ENABLE_STRICT_OBJC_MSGSEND = YES;
				ENABLE_USER_SCRIPT_SANDBOXING = YES;
				GCC_C_LANGUAGE_STANDARD = gnu17;
				GCC_NO_COMMON_BLOCKS = YES;
				GCC_WARN_64_TO_32_BIT_CONVERSION = YES;
				GCC_WARN_ABOUT_RETURN_TYPE = YES_ERROR;
				GCC_WARN_UNDECLARED_SELECTOR = YES;
				GCC_WARN_UNINITIALIZED_AUTOS = YES_AGGRESSIVE;
				GCC_WARN_UNUSED_FUNCTION = YES;
				GCC_WARN_UNUSED_VARIABLE = YES;
				IPHONEOS_DEPLOYMENT_TARGET = 18.1;
				LOCALIZATION_PREFERS_STRING_CATALOGS = YES;
				MTL_ENABLE_DEBUG_INFO = NO;
				MTL_FAST_MATH = YES;
				SDKROOT = iphoneos;
				SWIFT_COMPILATION_MODE = wholemodule;
				VALIDATE_PRODUCT = YES;
			};
			name = Release;
		};
		0CC86E082D0704DE00A9D083 /* Debug */ = {
			isa = XCBuildConfiguration;
			buildSettings = {
				BUNDLE_LOADER = "$(TEST_HOST)";
				CODE_SIGN_STYLE = Automatic;
				CURRENT_PROJECT_VERSION = 1;
				GENERATE_INFOPLIST_FILE = YES;
				IPHONEOS_DEPLOYMENT_TARGET = 18.1;
				MARKETING_VERSION = 1.0;
				PRODUCT_BUNDLE_IDENTIFIER = golthi.DermatologyPatientAppTests;
				PRODUCT_NAME = "$(TARGET_NAME)";
				SWIFT_EMIT_LOC_STRINGS = NO;
				SWIFT_VERSION = 5.0;
				TARGETED_DEVICE_FAMILY = "1,2";
				TEST_HOST = "$(BUILT_PRODUCTS_DIR)/DermatologyPatientApp.app/$(BUNDLE_EXECUTABLE_FOLDER_PATH)/DermatologyPatientApp";
			};
			name = Debug;
		};
		0CC86E092D0704DE00A9D083 /* Release */ = {
			isa = XCBuildConfiguration;
			buildSettings = {
				BUNDLE_LOADER = "$(TEST_HOST)";
				CODE_SIGN_STYLE = Automatic;
				CURRENT_PROJECT_VERSION = 1;
				GENERATE_INFOPLIST_FILE = YES;
				IPHONEOS_DEPLOYMENT_TARGET = 18.1;
				MARKETING_VERSION = 1.0;
				PRODUCT_BUNDLE_IDENTIFIER = golthi.DermatologyPatientAppTests;
				PRODUCT_NAME = "$(TARGET_NAME)";
				SWIFT_EMIT_LOC_STRINGS = NO;
				SWIFT_VERSION = 5.0;
				TARGETED_DEVICE_FAMILY = "1,2";
				TEST_HOST = "$(BUILT_PRODUCTS_DIR)/DermatologyPatientApp.app/$(BUNDLE_EXECUTABLE_FOLDER_PATH)/DermatologyPatientApp";
			};
			name = Release;
		};
		0CC86E0B2D0704DE00A9D083 /* Debug */ = {
			isa = XCBuildConfiguration;
			buildSettings = {
				CODE_SIGN_STYLE = Automatic;
				CURRENT_PROJECT_VERSION = 1;
				GENERATE_INFOPLIST_FILE = YES;
				MARKETING_VERSION = 1.0;
				PRODUCT_BUNDLE_IDENTIFIER = golthi.DermatologyPatientAppUITests;
				PRODUCT_NAME = "$(TARGET_NAME)";
				SWIFT_EMIT_LOC_STRINGS = NO;
				SWIFT_VERSION = 5.0;
				TARGETED_DEVICE_FAMILY = "1,2";
				TEST_TARGET_NAME = DermatologyPatientApp;
			};
			name = Debug;
		};
		0CC86E0C2D0704DE00A9D083 /* Release */ = {
			isa = XCBuildConfiguration;
			buildSettings = {
				CODE_SIGN_STYLE = Automatic;
				CURRENT_PROJECT_VERSION = 1;
				GENERATE_INFOPLIST_FILE = YES;
				MARKETING_VERSION = 1.0;
				PRODUCT_BUNDLE_IDENTIFIER = golthi.DermatologyPatientAppUITests;
				PRODUCT_NAME = "$(TARGET_NAME)";
				SWIFT_EMIT_LOC_STRINGS = NO;
				SWIFT_VERSION = 5.0;
				TARGETED_DEVICE_FAMILY = "1,2";
				TEST_TARGET_NAME = DermatologyPatientApp;
			};
			name = Release;
		};
/* End XCBuildConfiguration section */

/* Begin XCConfigurationList section */
		0CC86DD62D0704DC00A9D083 /* Build configuration list for PBXProject "DermatologyPatientApp" */ = {
			isa = XCConfigurationList;
			buildConfigurations = (
				0CC86E052D0704DE00A9D083 /* Debug */,
				0CC86E062D0704DE00A9D083 /* Release */,
			);
			defaultConfigurationIsVisible = 0;
			defaultConfigurationName = Release;
		};
		0CC86E022D0704DE00A9D083 /* Build configuration list for PBXNativeTarget "DermatologyPatientApp" */ = {
			isa = XCConfigurationList;
			buildConfigurations = (
				0CC86E032D0704DE00A9D083 /* Debug */,
				0CC86E042D0704DE00A9D083 /* Release */,
			);
			defaultConfigurationIsVisible = 0;
			defaultConfigurationName = Release;
		};
		0CC86E072D0704DE00A9D083 /* Build configuration list for PBXNativeTarget "DermatologyPatientAppTests" */ = {
			isa = XCConfigurationList;
			buildConfigurations = (
				0CC86E082D0704DE00A9D083 /* Debug */,
				0CC86E092D0704DE00A9D083 /* Release */,
			);
			defaultConfigurationIsVisible = 0;
			defaultConfigurationName = Release;
		};
		0CC86E0A2D0704DE00A9D083 /* Build configuration list for PBXNativeTarget "DermatologyPatientAppUITests" */ = {
			isa = XCConfigurationList;
			buildConfigurations = (
				0CC86E0B2D0704DE00A9D083 /* Debug */,
				0CC86E0C2D0704DE00A9D083 /* Release */,
			);
			defaultConfigurationIsVisible = 0;
			defaultConfigurationName = Release;
		};
/* End XCConfigurationList section */
	};
	rootObject = 0CC86DD32D0704DC00A9D083 /* Project object */;
}
